
Microsoft Visual Studio Solution File, Format Version 12.00
# Visual Studio Version 16
VisualStudioVersion = 16.0.31313.79
MinimumVisualStudioVersion = 10.0.40219.1
Project("{FAE04EC0-301F-11D3-BF4B-00C04F79EFBC}") = "Interview.Core", "Interview.Core\Interview.Core.csproj", "{5A3C1F68-C8D6-4D45-9EBE-67F5DE85E90A}"
EndProject
Project("{FAE04EC0-301F-11D3-BF4B-00C04F79EFBC}") = "Interview.Test", "Interview.Test\Interview.Test.csproj", "{1255F500-904B-49CC-B0DF-C1FF17718E06}"
EndProject
Global
	GlobalSection(SolutionConfigurationPlatforms) = preSolution
		Debug|Any CPU = Debug|Any CPU
		Release|Any CPU = Release|Any CPU
	EndGlobalSection
	GlobalSection(ProjectConfigurationPlatforms) = postSolution
		{5A3C1F68-C8D6-4D45-9EBE-67F5DE85E90A}.Debug|Any CPU.ActiveCfg = Debug|Any CPU
		{5A3C1F68-C8D6-4D45-9EBE-67F5DE85E90A}.Debug|Any CPU.Build.0 = Debug|Any CPU
		{5A3C1F68-C8D6-4D45-9EBE-67F5DE85E90A}.Release|Any CPU.ActiveCfg = Release|Any CPU
		{5A3C1F68-C8D6-4D45-9EBE-67F5DE85E90A}.Release|Any CPU.Build.0 = Release|Any CPU
		{1255F500-904B-49CC-B0DF-C1FF17718E06}.Debug|Any CPU.ActiveCfg = Debug|Any CPU
		{1255F500-904B-49CC-B0DF-C1FF17718E06}.Debug|Any CPU.Build.0 = Debug|Any CPU
		{1255F500-904B-49CC-B0DF-C1FF17718E06}.Release|Any CPU.ActiveCfg = Release|Any CPU
		{1255F500-904B-49CC-B0DF-C1FF17718E06}.Release|Any CPU.Build.0 = Release|Any CPU
	EndGlobalSection
	GlobalSection(SolutionProperties) = preSolution
		HideSolutionNode = FALSE
	EndGlobalSection
	GlobalSection(ExtensibilityGlobals) = postSolution
		SolutionGuid = {A597A141-8EC1-4013-94CB-ACCB4CC2E598}
	EndGlobalSection
EndGlobal
